
Microsoft Visual Studio Solution File, Format Version 12.00
# Visual Studio Version 16
VisualStudioVersion = 16.0.30621.155
MinimumVisualStudioVersion = 10.0.40219.1
Project("{FAE04EC0-301F-11D3-BF4B-00C04F79EFBC}") = "LTBConverter", "LTBConverter\LTBConverter.csproj", "{780B4CF0-5F30-4767-AA1A-16789881D4E1}"
EndProject
Global
	GlobalSection(SolutionConfigurationPlatforms) = preSolution
		Debug|Any CPU = Debug|Any CPU
		Release|Any CPU = Release|Any CPU
	EndGlobalSection
	GlobalSection(ProjectConfigurationPlatforms) = postSolution
		{780B4CF0-5F30-4767-AA1A-16789881D4E1}.Debug|Any CPU.ActiveCfg = Debug|Any CPU
		{780B4CF0-5F30-4767-AA1A-16789881D4E1}.Debug|Any CPU.Build.0 = Debug|Any CPU
		{780B4CF0-5F30-4767-AA1A-16789881D4E1}.Release|Any CPU.ActiveCfg = Release|Any CPU
		{780B4CF0-5F30-4767-AA1A-16789881D4E1}.Release|Any CPU.Build.0 = Release|Any CPU
	EndGlobalSection
	GlobalSection(SolutionProperties) = preSolution
		HideSolutionNode = FALSE
	EndGlobalSection
	GlobalSection(ExtensibilityGlobals) = postSolution
		SolutionGuid = {C8CF1194-FB7A-4962-8189-EF949B730B3A}
	EndGlobalSection
EndGlobal
